
Microsoft Visual Studio Solution File, Format Version 12.00
# Visual Studio Version 17
VisualStudioVersion = 17.0.32126.317
MinimumVisualStudioVersion = 10.0.40219.1
Project("{2150E333-8FDC-42A3-9474-1A3956D46DE8}") = "src", "src", "{76C7B4CF-0898-4F88-AE74-422750200DD2}"
EndProject
Project("{9A19103F-16F7-4668-BE54-9A1E7A4F7556}") = "ANCSG.Domain", "src\ANCSG.Domain\ANCSG.Domain.csproj", "{40F7CE94-8C5D-41D1-BF1C-999D0220EFE3}"
EndProject
Project("{9A19103F-16F7-4668-BE54-9A1E7A4F7556}") = "ANCSG.Application", "src\ANCSG.Application\ANCSG.Application.csproj", "{E4E0C837-6CAE-4D30-8ECF-76E5C9B72AAE}"
EndProject
Project("{9A19103F-16F7-4668-BE54-9A1E7A4F7556}") = "ANCSG.Infra.Data", "src\ANCSG.Infra.Data\ANCSG.Infra.Data.csproj", "{583E68B8-A29C-4FC7-99DB-DA2371870404}"
EndProject
Project("{9A19103F-16F7-4668-BE54-9A1E7A4F7556}") = "ANCSG.Infra.IoC", "src\ANCSG.Infra.IoC\ANCSG.Infra.IoC.csproj", "{51960561-A3A5-49D2-A642-0D15A5AE0478}"
EndProject
Project("{FAE04EC0-301F-11D3-BF4B-00C04F79EFBC}") = "ANCSG.API", "src\ANCSG.API\ANCSG.API.csproj", "{28C5582D-4B92-4421-9C94-450EB8FBF8DB}"
EndProject
Project("{FAE04EC0-301F-11D3-BF4B-00C04F79EFBC}") = "ANCSG.Infra.Notification", "src\ANCSG.Infra.Notification\ANCSG.Infra.Notification.csproj", "{6132845A-BEB9-43E6-9013-347AC6E634B4}"
EndProject
Global
	GlobalSection(SolutionConfigurationPlatforms) = preSolution
		Debug|Any CPU = Debug|Any CPU
		Release|Any CPU = Release|Any CPU
	EndGlobalSection
	GlobalSection(ProjectConfigurationPlatforms) = postSolution
		{40F7CE94-8C5D-41D1-BF1C-999D0220EFE3}.Debug|Any CPU.ActiveCfg = Debug|Any CPU
		{40F7CE94-8C5D-41D1-BF1C-999D0220EFE3}.Debug|Any CPU.Build.0 = Debug|Any CPU
		{40F7CE94-8C5D-41D1-BF1C-999D0220EFE3}.Release|Any CPU.ActiveCfg = Release|Any CPU
		{40F7CE94-8C5D-41D1-BF1C-999D0220EFE3}.Release|Any CPU.Build.0 = Release|Any CPU
		{E4E0C837-6CAE-4D30-8ECF-76E5C9B72AAE}.Debug|Any CPU.ActiveCfg = Debug|Any CPU
		{E4E0C837-6CAE-4D30-8ECF-76E5C9B72AAE}.Debug|Any CPU.Build.0 = Debug|Any CPU
		{E4E0C837-6CAE-4D30-8ECF-76E5C9B72AAE}.Release|Any CPU.ActiveCfg = Release|Any CPU
		{E4E0C837-6CAE-4D30-8ECF-76E5C9B72AAE}.Release|Any CPU.Build.0 = Release|Any CPU
		{583E68B8-A29C-4FC7-99DB-DA2371870404}.Debug|Any CPU.ActiveCfg = Debug|Any CPU
		{583E68B8-A29C-4FC7-99DB-DA2371870404}.Debug|Any CPU.Build.0 = Debug|Any CPU
		{583E68B8-A29C-4FC7-99DB-DA2371870404}.Release|Any CPU.ActiveCfg = Release|Any CPU
		{583E68B8-A29C-4FC7-99DB-DA2371870404}.Release|Any CPU.Build.0 = Release|Any CPU
		{51960561-A3A5-49D2-A642-0D15A5AE0478}.Debug|Any CPU.ActiveCfg = Debug|Any CPU
		{51960561-A3A5-49D2-A642-0D15A5AE0478}.Debug|Any CPU.Build.0 = Debug|Any CPU
		{51960561-A3A5-49D2-A642-0D15A5AE0478}.Release|Any CPU.ActiveCfg = Release|Any CPU
		{51960561-A3A5-49D2-A642-0D15A5AE0478}.Release|Any CPU.Build.0 = Release|Any CPU
		{28C5582D-4B92-4421-9C94-450EB8FBF8DB}.Debug|Any CPU.ActiveCfg = Debug|Any CPU
		{28C5582D-4B92-4421-9C94-450EB8FBF8DB}.Debug|Any CPU.Build.0 = Debug|Any CPU
		{28C5582D-4B92-4421-9C94-450EB8FBF8DB}.Release|Any CPU.ActiveCfg = Release|Any CPU
		{28C5582D-4B92-4421-9C94-450EB8FBF8DB}.Release|Any CPU.Build.0 = Release|Any CPU
		{6132845A-BEB9-43E6-9013-347AC6E634B4}.Debug|Any CPU.ActiveCfg = Debug|Any CPU
		{6132845A-BEB9-43E6-9013-347AC6E634B4}.Debug|Any CPU.Build.0 = Debug|Any CPU
		{6132845A-BEB9-43E6-9013-347AC6E634B4}.Release|Any CPU.ActiveCfg = Release|Any CPU
		{6132845A-BEB9-43E6-9013-347AC6E634B4}.Release|Any CPU.Build.0 = Release|Any CPU
	EndGlobalSection
	GlobalSection(SolutionProperties) = preSolution
		HideSolutionNode = FALSE
	EndGlobalSection
	GlobalSection(NestedProjects) = preSolution
		{40F7CE94-8C5D-41D1-BF1C-999D0220EFE3} = {76C7B4CF-0898-4F88-AE74-422750200DD2}
		{E4E0C837-6CAE-4D30-8ECF-76E5C9B72AAE} = {76C7B4CF-0898-4F88-AE74-422750200DD2}
		{583E68B8-A29C-4FC7-99DB-DA2371870404} = {76C7B4CF-0898-4F88-AE74-422750200DD2}
		{51960561-A3A5-49D2-A642-0D15A5AE0478} = {76C7B4CF-0898-4F88-AE74-422750200DD2}
		{28C5582D-4B92-4421-9C94-450EB8FBF8DB} = {76C7B4CF-0898-4F88-AE74-422750200DD2}
		{6132845A-BEB9-43E6-9013-347AC6E634B4} = {76C7B4CF-0898-4F88-AE74-422750200DD2}
	EndGlobalSection
	GlobalSection(ExtensibilityGlobals) = postSolution
		SolutionGuid = {DE941BDE-B9BA-4C8C-BDC9-51443286C7BD}
	EndGlobalSection
EndGlobal
